// !$*UTF8*$!
{
	archiveVersion = 1;
	classes = {
	};
	objectVersion = 77;
	objects = {

/* Begin PBXBuildFile section */
		2727BCA72DD20CF2004D8699 /* AppUI in Frameworks */ = {isa = PBXBuildFile; productRef = 2727BCA62DD20CF2004D8699 /* AppUI */; };
/* End PBXBuildFile section */

/* Begin PBXContainerItemProxy section */
		27D5BEC32DD1FD310016B95B /* PBXContainerItemProxy */ = {
			isa = PBXContainerItemProxy;
			containerPortal = 27D5BEAC2DD1FD2F0016B95B /* Project object */;
			proxyType = 1;
			remoteGlobalIDString = 27D5BEB32DD1FD2F0016B95B;
			remoteInfo = DrCDN;
		};
		27D5BECD2DD1FD310016B95B /* PBXContainerItemProxy */ = {
			isa = PBXContainerItemProxy;
			containerPortal = 27D5BEAC2DD1FD2F0016B95B /* Project object */;
			proxyType = 1;
			remoteGlobalIDString = 27D5BEB32DD1FD2F0016B95B;
			remoteInfo = DrCDN;
		};
/* End PBXContainerItemProxy section */

/* Begin PBXFileReference section */
		27D5BEB42DD1FD2F0016B95B /* DrCDN.app */ = {isa = PBXFileReference; explicitFileType = wrapper.application; includeInIndex = 0; path = DrCDN.app; sourceTree = BUILT_PRODUCTS_DIR; };
		27D5BEC22DD1FD310016B95B /* DrCDNTests.xctest */ = {isa = PBXFileReference; explicitFileType = wrapper.cfbundle; includeInIndex = 0; path = DrCDNTests.xctest; sourceTree = BUILT_PRODUCTS_DIR; };
		27D5BECC2DD1FD310016B95B /* DrCDNUITests.xctest */ = {isa = PBXFileReference; explicitFileType = wrapper.cfbundle; includeInIndex = 0; path = DrCDNUITests.xctest; sourceTree = BUILT_PRODUCTS_DIR; };
/* End PBXFileReference section */

/* Begin PBXFileSystemSynchronizedRootGroup section */
		27D5BEB62DD1FD2F0016B95B /* DrCDN */ = {
			isa = PBXFileSystemSynchronizedRootGroup;
			path = DrCDN;
			sourceTree = "<group>";
		};
		27D5BEC52DD1FD310016B95B /* DrCDNTests */ = {
			isa = PBXFileSystemSynchronizedRootGroup;
			path = DrCDNTests;
			sourceTree = "<group>";
		};
		27D5BECF2DD1FD310016B95B /* DrCDNUITests */ = {
			isa = PBXFileSystemSynchronizedRootGroup;
			path = DrCDNUITests;
			sourceTree = "<group>";
		};
/* End PBXFileSystemSynchronizedRootGroup section */

/* Begin PBXFrameworksBuildPhase section */
		27D5BEB12DD1FD2F0016B95B /* Frameworks */ = {
			isa = PBXFrameworksBuildPhase;
			buildActionMask = 2147483647;
			files = (
				2727BCA72DD20CF2004D8699 /* AppUI in Frameworks */,
			);
			runOnlyForDeploymentPostprocessing = 0;
		};
		27D5BEBF2DD1FD310016B95B /* Frameworks */ = {
			isa = PBXFrameworksBuildPhase;
			buildActionMask = 2147483647;
			files = (
			);
			runOnlyForDeploymentPostprocessing = 0;
		};
		27D5BEC92DD1FD310016B95B /* Frameworks */ = {
			isa = PBXFrameworksBuildPhase;
			buildActionMask = 2147483647;
			files = (
			);
			runOnlyForDeploymentPostprocessing = 0;
		};
/* End PBXFrameworksBuildPhase section */

/* Begin PBXGroup section */
		27D5BEAB2DD1FD2F0016B95B = {
			isa = PBXGroup;
			children = (
				27D5BEB62DD1FD2F0016B95B /* DrCDN */,
				27D5BEC52DD1FD310016B95B /* DrCDNTests */,
				27D5BECF2DD1FD310016B95B /* DrCDNUITests */,
				27D5BEB52DD1FD2F0016B95B /* Products */,
			);
			sourceTree = "<group>";
		};
		27D5BEB52DD1FD2F0016B95B /* Products */ = {
			isa = PBXGroup;
			children = (
				27D5BEB42DD1FD2F0016B95B /* DrCDN.app */,
				27D5BEC22DD1FD310016B95B /* DrCDNTests.xctest */,
				27D5BECC2DD1FD310016B95B /* DrCDNUITests.xctest */,
			);
			name = Products;
			sourceTree = "<group>";
		};
/* End PBXGroup section */

/* Begin PBXNativeTarget section */
		27D5BEB32DD1FD2F0016B95B /* DrCDN */ = {
			isa = PBXNativeTarget;
			buildConfigurationList = 27D5BED62DD1FD310016B95B /* Build configuration list for PBXNativeTarget "DrCDN" */;
			buildPhases = (
				27D5BEB02DD1FD2F0016B95B /* Sources */,
				27D5BEB12DD1FD2F0016B95B /* Frameworks */,
				27D5BEB22DD1FD2F0016B95B /* Resources */,
			);
			buildRules = (
			);
			dependencies = (
			);
			fileSystemSynchronizedGroups = (
				27D5BEB62DD1FD2F0016B95B /* DrCDN */,
			);
			name = DrCDN;
			packageProductDependencies = (
				2727BCA62DD20CF2004D8699 /* AppUI */,
			);
			productName = DrCDN;
			productReference = 27D5BEB42DD1FD2F0016B95B /* DrCDN.app */;
			productType = "com.apple.product-type.application";
		};
		27D5BEC12DD1FD310016B95B /* DrCDNTests */ = {
			isa = PBXNativeTarget;
			buildConfigurationList = 27D5BED92DD1FD310016B95B /* Build configuration list for PBXNativeTarget "DrCDNTests" */;
			buildPhases = (
				27D5BEBE2DD1FD310016B95B /* Sources */,
				27D5BEBF2DD1FD310016B95B /* Frameworks */,
				27D5BEC02DD1FD310016B95B /* Resources */,
			);
			buildRules = (
			);
			dependencies = (
				27D5BEC42DD1FD310016B95B /* PBXTargetDependency */,
			);
			fileSystemSynchronizedGroups = (
				27D5BEC52DD1FD310016B95B /* DrCDNTests */,
			);
			name = DrCDNTests;
			packageProductDependencies = (
			);
			productName = DrCDNTests;
			productReference = 27D5BEC22DD1FD310016B95B /* DrCDNTests.xctest */;
			productType = "com.apple.product-type.bundle.unit-test";
		};
		27D5BECB2DD1FD310016B95B /* DrCDNUITests */ = {
			isa = PBXNativeTarget;
			buildConfigurationList = 27D5BEDC2DD1FD310016B95B /* Build configuration list for PBXNativeTarget "DrCDNUITests" */;
			buildPhases = (
				27D5BEC82DD1FD310016B95B /* Sources */,
				27D5BEC92DD1FD310016B95B /* Frameworks */,
				27D5BECA2DD1FD310016B95B /* Resources */,
			);
			buildRules = (
			);
			dependencies = (
				27D5BECE2DD1FD310016B95B /* PBXTargetDependency */,
			);
			fileSystemSynchronizedGroups = (
				27D5BECF2DD1FD310016B95B /* DrCDNUITests */,
			);
			name = DrCDNUITests;
			packageProductDependencies = (
			);
			productName = DrCDNUITests;
			productReference = 27D5BECC2DD1FD310016B95B /* DrCDNUITests.xctest */;
			productType = "com.apple.product-type.bundle.ui-testing";
		};
/* End PBXNativeTarget section */

/* Begin PBXProject section */
		27D5BEAC2DD1FD2F0016B95B /* Project object */ = {
			isa = PBXProject;
			attributes = {
				BuildIndependentTargetsInParallel = 1;
				LastSwiftUpdateCheck = 1630;
				LastUpgradeCheck = 1630;
				TargetAttributes = {
					27D5BEB32DD1FD2F0016B95B = {
						CreatedOnToolsVersion = 16.3;
					};
					27D5BEC12DD1FD310016B95B = {
						CreatedOnToolsVersion = 16.3;
						TestTargetID = 27D5BEB32DD1FD2F0016B95B;
					};
					27D5BECB2DD1FD310016B95B = {
						CreatedOnToolsVersion = 16.3;
						TestTargetID = 27D5BEB32DD1FD2F0016B95B;
					};
				};
			};
			buildConfigurationList = 27D5BEAF2DD1FD2F0016B95B /* Build configuration list for PBXProject "DrCDN" */;
			developmentRegion = en;
			hasScannedForEncodings = 0;
			knownRegions = (
				en,
				Base,
			);
			mainGroup = 27D5BEAB2DD1FD2F0016B95B;
			minimizedProjectReferenceProxies = 1;
			packageReferences = (
				2727BCA52DD20CF2004D8699 /* XCLocalSwiftPackageReference "../AppUI" */,
			);
			preferredProjectObjectVersion = 77;
			productRefGroup = 27D5BEB52DD1FD2F0016B95B /* Products */;
			projectDirPath = "";
			projectRoot = "";
			targets = (
				27D5BEB32DD1FD2F0016B95B /* DrCDN */,
				27D5BEC12DD1FD310016B95B /* DrCDNTests */,
				27D5BECB2DD1FD310016B95B /* DrCDNUITests */,
			);
		};
/* End PBXProject section */

/* Begin PBXResourcesBuildPhase section */
		27D5BEB22DD1FD2F0016B95B /* Resources */ = {
			isa = PBXResourcesBuildPhase;
			buildActionMask = 2147483647;
			files = (
			);
			runOnlyForDeploymentPostprocessing = 0;
		};
		27D5BEC02DD1FD310016B95B /* Resources */ = {
			isa = PBXResourcesBuildPhase;
			buildActionMask = 2147483647;
			files = (
			);
			runOnlyForDeploymentPostprocessing = 0;
		};
		27D5BECA2DD1FD310016B95B /* Resources */ = {
			isa = PBXResourcesBuildPhase;
			buildActionMask = 2147483647;
			files = (
			);
			runOnlyForDeploymentPostprocessing = 0;
		};
/* End PBXResourcesBuildPhase section */

/* Begin PBXSourcesBuildPhase section */
		27D5BEB02DD1FD2F0016B95B /* Sources */ = {
			isa = PBXSourcesBuildPhase;
			buildActionMask = 2147483647;
			files = (
			);
			runOnlyForDeploymentPostprocessing = 0;
		};
		27D5BEBE2DD1FD310016B95B /* Sources */ = {
			isa = PBXSourcesBuildPhase;
			buildActionMask = 2147483647;
			files = (
			);
			runOnlyForDeploymentPostprocessing = 0;
		};
		27D5BEC82DD1FD310016B95B /* Sources */ = {
			isa = PBXSourcesBuildPhase;
			buildActionMask = 2147483647;
			files = (
			);
			runOnlyForDeploymentPostprocessing = 0;
		};
/* End PBXSourcesBuildPhase section */

/* Begin PBXTargetDependency section */
		27D5BEC42DD1FD310016B95B /* PBXTargetDependency */ = {
			isa = PBXTargetDependency;
			target = 27D5BEB32DD1FD2F0016B95B /* DrCDN */;
			targetProxy = 27D5BEC32DD1FD310016B95B /* PBXContainerItemProxy */;
		};
		27D5BECE2DD1FD310016B95B /* PBXTargetDependency */ = {
			isa = PBXTargetDependency;
			target = 27D5BEB32DD1FD2F0016B95B /* DrCDN */;
			targetProxy = 27D5BECD2DD1FD310016B95B /* PBXContainerItemProxy */;
		};
/* End PBXTargetDependency section */

/* Begin XCBuildConfiguration section */
		27D5BED42DD1FD310016B95B /* Debug */ = {
			isa = XCBuildConfiguration;
			buildSettings = {
				ALWAYS_SEARCH_USER_PATHS = NO;
				ASSETCATALOG_COMPILER_GENERATE_SWIFT_ASSET_SYMBOL_EXTENSIONS = YES;
				CLANG_ANALYZER_NONNULL = YES;
				CLANG_ANALYZER_NUMBER_OBJECT_CONVERSION = YES_AGGRESSIVE;
				CLANG_CXX_LANGUAGE_STANDARD = "gnu++20";
				CLANG_ENABLE_MODULES = YES;
				CLANG_ENABLE_OBJC_ARC = YES;
				CLANG_ENABLE_OBJC_WEAK = YES;
				CLANG_WARN_BLOCK_CAPTURE_AUTORELEASING = YES;
				CLANG_WARN_BOOL_CONVERSION = YES;
				CLANG_WARN_COMMA = YES;
				CLANG_WARN_CONSTANT_CONVERSION = YES;
				CLANG_WARN_DEPRECATED_OBJC_IMPLEMENTATIONS = YES;
				CLANG_WARN_DIRECT_OBJC_ISA_USAGE = YES_ERROR;
				CLANG_WARN_DOCUMENTATION_COMMENTS = YES;
				CLANG_WARN_EMPTY_BODY = YES;
				CLANG_WARN_ENUM_CONVERSION = YES;
				CLANG_WARN_INFINITE_RECURSION = YES;
				CLANG_WARN_INT_CONVERSION = YES;
				CLANG_WARN_NON_LITERAL_NULL_CONVERSION = YES;
				CLANG_WARN_OBJC_IMPLICIT_RETAIN_SELF = YES;
				CLANG_WARN_OBJC_LITERAL_CONVERSION = YES;
				CLANG_WARN_OBJC_ROOT_CLASS = YES_ERROR;
				CLANG_WARN_QUOTED_INCLUDE_IN_FRAMEWORK_HEADER = YES;
				CLANG_WARN_RANGE_LOOP_ANALYSIS = YES;
				CLANG_WARN_STRICT_PROTOTYPES = YES;
				CLANG_WARN_SUSPICIOUS_MOVE = YES;
				CLANG_WARN_UNGUARDED_AVAILABILITY = YES_AGGRESSIVE;
				CLANG_WARN_UNREACHABLE_CODE = YES;
				CLANG_WARN__DUPLICATE_METHOD_MATCH = YES;
				COPY_PHASE_STRIP = NO;
				DEBUG_INFORMATION_FORMAT = dwarf;
				ENABLE_STRICT_OBJC_MSGSEND = YES;
				ENABLE_TESTABILITY = YES;
				ENABLE_USER_SCRIPT_SANDBOXING = YES;
				GCC_C_LANGUAGE_STANDARD = gnu17;
				GCC_DYNAMIC_NO_PIC = NO;
				GCC_NO_COMMON_BLOCKS = YES;
				GCC_OPTIMIZATION_LEVEL = 0;
				GCC_PREPROCESSOR_DEFINITIONS = (
					"DEBUG=1",
					"$(inherited)",
				);
				GCC_WARN_64_TO_32_BIT_CONVERSION = YES;
				GCC_WARN_ABOUT_RETURN_TYPE = YES_ERROR;
				GCC_WARN_UNDECLARED_SELECTOR = YES;
				GCC_WARN_UNINITIALIZED_AUTOS = YES_AGGRESSIVE;
				GCC_WARN_UNUSED_FUNCTION = YES;
				GCC_WARN_UNUSED_VARIABLE = YES;
				LOCALIZATION_PREFERS_STRING_CATALOGS = YES;
				MTL_ENABLE_DEBUG_INFO = INCLUDE_SOURCE;
				MTL_FAST_MATH = YES;
				ONLY_ACTIVE_ARCH = YES;
				SWIFT_ACTIVE_COMPILATION_CONDITIONS = "DEBUG $(inherited)";
				SWIFT_OPTIMIZATION_LEVEL = "-Onone";
			};
			name = Debug;
		};
		27D5BED52DD1FD310016B95B /* Release */ = {
			isa = XCBuildConfiguration;
			buildSettings = {
				ALWAYS_SEARCH_USER_PATHS = NO;
				ASSETCATALOG_COMPILER_GENERATE_SWIFT_ASSET_SYMBOL_EXTENSIONS = YES;
				CLANG_ANALYZER_NONNULL = YES;
				CLANG_ANALYZER_NUMBER_OBJECT_CONVERSION = YES_AGGRESSIVE;
				CLANG_CXX_LANGUAGE_STANDARD = "gnu++20";
				CLANG_ENABLE_MODULES = YES;
				CLANG_ENABLE_OBJC_ARC = YES;
				CLANG_ENABLE_OBJC_WEAK = YES;
				CLANG_WARN_BLOCK_CAPTURE_AUTORELEASING = YES;
				CLANG_WARN_BOOL_CONVERSION = YES;
				CLANG_WARN_COMMA = YES;
				CLANG_WARN_CONSTANT_CONVERSION = YES;
				CLANG_WARN_DEPRECATED_OBJC_IMPLEMENTATIONS = YES;
				CLANG_WARN_DIRECT_OBJC_ISA_USAGE = YES_ERROR;
				CLANG_WARN_DOCUMENTATION_COMMENTS = YES;
				CLANG_WARN_EMPTY_BODY = YES;
				CLANG_WARN_ENUM_CONVERSION = YES;
				CLANG_WARN_INFINITE_RECURSION = YES;
				CLANG_WARN_INT_CONVERSION = YES;
				CLANG_WARN_NON_LITERAL_NULL_CONVERSION = YES;
				CLANG_WARN_OBJC_IMPLICIT_RETAIN_SELF = YES;
				CLANG_WARN_OBJC_LITERAL_CONVERSION = YES;
				CLANG_WARN_OBJC_ROOT_CLASS = YES_ERROR;
				CLANG_WARN_QUOTED_INCLUDE_IN_FRAMEWORK_HEADER = YES;
				CLANG_WARN_RANGE_LOOP_ANALYSIS = YES;
				CLANG_WARN_STRICT_PROTOTYPES = YES;
				CLANG_WARN_SUSPICIOUS_MOVE = YES;
				CLANG_WARN_UNGUARDED_AVAILABILITY = YES_AGGRESSIVE;
				CLANG_WARN_UNREACHABLE_CODE = YES;
				CLANG_WARN__DUPLICATE_METHOD_MATCH = YES;
				COPY_PHASE_STRIP = NO;
				DEBUG_INFORMATION_FORMAT = "dwarf-with-dsym";
				ENABLE_NS_ASSERTIONS = NO;
				ENABLE_STRICT_OBJC_MSGSEND = YES;
				ENABLE_USER_SCRIPT_SANDBOXING = YES;
				GCC_C_LANGUAGE_STANDARD = gnu17;
				GCC_NO_COMMON_BLOCKS = YES;
				GCC_WARN_64_TO_32_BIT_CONVERSION = YES;
				GCC_WARN_ABOUT_RETURN_TYPE = YES_ERROR;
				GCC_WARN_UNDECLARED_SELECTOR = YES;
				GCC_WARN_UNINITIALIZED_AUTOS = YES_AGGRESSIVE;
				GCC_WARN_UNUSED_FUNCTION = YES;
				GCC_WARN_UNUSED_VARIABLE = YES;
				LOCALIZATION_PREFERS_STRING_CATALOGS = YES;
				MTL_ENABLE_DEBUG_INFO = NO;
				MTL_FAST_MATH = YES;
				SWIFT_COMPILATION_MODE = wholemodule;
			};
			name = Release;
		};
		27D5BED72DD1FD310016B95B /* Debug */ = {
			isa = XCBuildConfiguration;
			buildSettings = {
				ASSETCATALOG_COMPILER_APPICON_NAME = AppIcon;
				ASSETCATALOG_COMPILER_GLOBAL_ACCENT_COLOR_NAME = AccentColor;
				CODE_SIGN_ENTITLEMENTS = DrCDN/DrCDN.entitlements;
				CODE_SIGN_STYLE = Automatic;
				CURRENT_PROJECT_VERSION = 1;
				ENABLE_PREVIEWS = YES;
				GENERATE_INFOPLIST_FILE = YES;
				"INFOPLIST_KEY_UIApplicationSceneManifest_Generation[sdk=iphoneos*]" = YES;
				"INFOPLIST_KEY_UIApplicationSceneManifest_Generation[sdk=iphonesimulator*]" = YES;
				"INFOPLIST_KEY_UIApplicationSupportsIndirectInputEvents[sdk=iphoneos*]" = YES;
				"INFOPLIST_KEY_UIApplicationSupportsIndirectInputEvents[sdk=iphonesimulator*]" = YES;
				"INFOPLIST_KEY_UILaunchScreen_Generation[sdk=iphoneos*]" = YES;
				"INFOPLIST_KEY_UILaunchScreen_Generation[sdk=iphonesimulator*]" = YES;
				"INFOPLIST_KEY_UIStatusBarStyle[sdk=iphoneos*]" = UIStatusBarStyleDefault;
				"INFOPLIST_KEY_UIStatusBarStyle[sdk=iphonesimulator*]" = UIStatusBarStyleDefault;
				INFOPLIST_KEY_UISupportedInterfaceOrientations_iPad = "UIInterfaceOrientationPortrait UIInterfaceOrientationPortraitUpsideDown UIInterfaceOrientationLandscapeLeft UIInterfaceOrientationLandscapeRight";
				INFOPLIST_KEY_UISupportedInterfaceOrientations_iPhone = "UIInterfaceOrientationPortrait UIInterfaceOrientationLandscapeLeft UIInterfaceOrientationLandscapeRight";
				IPHONEOS_DEPLOYMENT_TARGET = 18.4;
				LD_RUNPATH_SEARCH_PATHS = "@executable_path/Frameworks";
				"LD_RUNPATH_SEARCH_PATHS[sdk=macosx*]" = "@executable_path/../Frameworks";
				MACOSX_DEPLOYMENT_TARGET = 15.4;
				MARKETING_VERSION = 1.0;
				PRODUCT_BUNDLE_IDENTIFIER = com.something.DrCDN.DrCDN;
				PRODUCT_NAME = "$(TARGET_NAME)";
				REGISTER_APP_GROUPS = YES;
				SDKROOT = auto;
				SUPPORTED_PLATFORMS = "iphoneos iphonesimulator macosx xros xrsimulator";
				SWIFT_EMIT_LOC_STRINGS = YES;
				SWIFT_VERSION = 5.0;
				TARGETED_DEVICE_FAMILY = "1,2,7";
				XROS_DEPLOYMENT_TARGET = 2.4;
			};
			name = Debug;
		};
		27D5BED82DD1FD310016B95B /* Release */ = {
			isa = XCBuildConfiguration;
			buildSettings = {
				ASSETCATALOG_COMPILER_APPICON_NAME = AppIcon;
				ASSETCATALOG_COMPILER_GLOBAL_ACCENT_COLOR_NAME = AccentColor;
				CODE_SIGN_ENTITLEMENTS = DrCDN/DrCDN.entitlements;
				CODE_SIGN_STYLE = Automatic;
				CURRENT_PROJECT_VERSION = 1;
				ENABLE_PREVIEWS = YES;
				GENERATE_INFOPLIST_FILE = YES;
				"INFOPLIST_KEY_UIApplicationSceneManifest_Generation[sdk=iphoneos*]" = YES;
				"INFOPLIST_KEY_UIApplicationSceneManifest_Generation[sdk=iphonesimulator*]" = YES;
				"INFOPLIST_KEY_UIApplicationSupportsIndirectInputEvents[sdk=iphoneos*]" = YES;
				"INFOPLIST_KEY_UIApplicationSupportsIndirectInputEvents[sdk=iphonesimulator*]" = YES;
				"INFOPLIST_KEY_UILaunchScreen_Generation[sdk=iphoneos*]" = YES;
				"INFOPLIST_KEY_UILaunchScreen_Generation[sdk=iphonesimulator*]" = YES;
				"INFOPLIST_KEY_UIStatusBarStyle[sdk=iphoneos*]" = UIStatusBarStyleDefault;
				"INFOPLIST_KEY_UIStatusBarStyle[sdk=iphonesimulator*]" = UIStatusBarStyleDefault;
				INFOPLIST_KEY_UISupportedInterfaceOrientations_iPad = "UIInterfaceOrientationPortrait UIInterfaceOrientationPortraitUpsideDown UIInterfaceOrientationLandscapeLeft UIInterfaceOrientationLandscapeRight";
				INFOPLIST_KEY_UISupportedInterfaceOrientations_iPhone = "UIInterfaceOrientationPortrait UIInterfaceOrientationLandscapeLeft UIInterfaceOrientationLandscapeRight";
				IPHONEOS_DEPLOYMENT_TARGET = 18.4;
				LD_RUNPATH_SEARCH_PATHS = "@executable_path/Frameworks";
				"LD_RUNPATH_SEARCH_PATHS[sdk=macosx*]" = "@executable_path/../Frameworks";
				MACOSX_DEPLOYMENT_TARGET = 15.4;
				MARKETING_VERSION = 1.0;
				PRODUCT_BUNDLE_IDENTIFIER = com.something.DrCDN.DrCDN;
				PRODUCT_NAME = "$(TARGET_NAME)";
				REGISTER_APP_GROUPS = YES;
				SDKROOT = auto;
				SUPPORTED_PLATFORMS = "iphoneos iphonesimulator macosx xros xrsimulator";
				SWIFT_EMIT_LOC_STRINGS = YES;
				SWIFT_VERSION = 5.0;
				TARGETED_DEVICE_FAMILY = "1,2,7";
				XROS_DEPLOYMENT_TARGET = 2.4;
			};
			name = Release;
		};
		27D5BEDA2DD1FD310016B95B /* Debug */ = {
			isa = XCBuildConfiguration;
			buildSettings = {
				BUNDLE_LOADER = "$(TEST_HOST)";
				CODE_SIGN_STYLE = Automatic;
				CURRENT_PROJECT_VERSION = 1;
				GENERATE_INFOPLIST_FILE = YES;
				IPHONEOS_DEPLOYMENT_TARGET = 18.4;
				MACOSX_DEPLOYMENT_TARGET = 15.4;
				MARKETING_VERSION = 1.0;
				PRODUCT_BUNDLE_IDENTIFIER = com.something.DrCDN.DrCDNTests;
				PRODUCT_NAME = "$(TARGET_NAME)";
				SDKROOT = auto;
				SUPPORTED_PLATFORMS = "iphoneos iphonesimulator macosx xros xrsimulator";
				SWIFT_EMIT_LOC_STRINGS = NO;
				SWIFT_VERSION = 5.0;
				TARGETED_DEVICE_FAMILY = "1,2,7";
				TEST_HOST = "$(BUILT_PRODUCTS_DIR)/DrCDN.app/$(BUNDLE_EXECUTABLE_FOLDER_PATH)/DrCDN";
				XROS_DEPLOYMENT_TARGET = 2.4;
			};
			name = Debug;
		};
		27D5BEDB2DD1FD310016B95B /* Release */ = {
			isa = XCBuildConfiguration;
			buildSettings = {
				BUNDLE_LOADER = "$(TEST_HOST)";
				CODE_SIGN_STYLE = Automatic;
				CURRENT_PROJECT_VERSION = 1;
				GENERATE_INFOPLIST_FILE = YES;
				IPHONEOS_DEPLOYMENT_TARGET = 18.4;
				MACOSX_DEPLOYMENT_TARGET = 15.4;
				MARKETING_VERSION = 1.0;
				PRODUCT_BUNDLE_IDENTIFIER = com.something.DrCDN.DrCDNTests;
				PRODUCT_NAME = "$(TARGET_NAME)";
				SDKROOT = auto;
				SUPPORTED_PLATFORMS = "iphoneos iphonesimulator macosx xros xrsimulator";
				SWIFT_EMIT_LOC_STRINGS = NO;
				SWIFT_VERSION = 5.0;
				TARGETED_DEVICE_FAMILY = "1,2,7";
				TEST_HOST = "$(BUILT_PRODUCTS_DIR)/DrCDN.app/$(BUNDLE_EXECUTABLE_FOLDER_PATH)/DrCDN";
				XROS_DEPLOYMENT_TARGET = 2.4;
			};
			name = Release;
		};
		27D5BEDD2DD1FD310016B95B /* Debug */ = {
			isa = XCBuildConfiguration;
			buildSettings = {
				CODE_SIGN_STYLE = Automatic;
				CURRENT_PROJECT_VERSION = 1;
				GENERATE_INFOPLIST_FILE = YES;
				IPHONEOS_DEPLOYMENT_TARGET = 18.4;
				MACOSX_DEPLOYMENT_TARGET = 15.4;
				MARKETING_VERSION = 1.0;
				PRODUCT_BUNDLE_IDENTIFIER = com.something.DrCDN.DrCDNUITests;
				PRODUCT_NAME = "$(TARGET_NAME)";
				SDKROOT = auto;
				SUPPORTED_PLATFORMS = "iphoneos iphonesimulator macosx xros xrsimulator";
				SWIFT_EMIT_LOC_STRINGS = NO;
				SWIFT_VERSION = 5.0;
				TARGETED_DEVICE_FAMILY = "1,2,7";
				TEST_TARGET_NAME = DrCDN;
				XROS_DEPLOYMENT_TARGET = 2.4;
			};
			name = Debug;
		};
		27D5BEDE2DD1FD310016B95B /* Release */ = {
			isa = XCBuildConfiguration;
			buildSettings = {
				CODE_SIGN_STYLE = Automatic;
				CURRENT_PROJECT_VERSION = 1;
				GENERATE_INFOPLIST_FILE = YES;
				IPHONEOS_DEPLOYMENT_TARGET = 18.4;
				MACOSX_DEPLOYMENT_TARGET = 15.4;
				MARKETING_VERSION = 1.0;
				PRODUCT_BUNDLE_IDENTIFIER = com.something.DrCDN.DrCDNUITests;
				PRODUCT_NAME = "$(TARGET_NAME)";
				SDKROOT = auto;
				SUPPORTED_PLATFORMS = "iphoneos iphonesimulator macosx xros xrsimulator";
				SWIFT_EMIT_LOC_STRINGS = NO;
				SWIFT_VERSION = 5.0;
				TARGETED_DEVICE_FAMILY = "1,2,7";
				TEST_TARGET_NAME = DrCDN;
				XROS_DEPLOYMENT_TARGET = 2.4;
			};
			name = Release;
		};
/* End XCBuildConfiguration section */

/* Begin XCConfigurationList section */
		27D5BEAF2DD1FD2F0016B95B /* Build configuration list for PBXProject "DrCDN" */ = {
			isa = XCConfigurationList;
			buildConfigurations = (
				27D5BED42DD1FD310016B95B /* Debug */,
				27D5BED52DD1FD310016B95B /* Release */,
			);
			defaultConfigurationIsVisible = 0;
			defaultConfigurationName = Release;
		};
		27D5BED62DD1FD310016B95B /* Build configuration list for PBXNativeTarget "DrCDN" */ = {
			isa = XCConfigurationList;
			buildConfigurations = (
				27D5BED72DD1FD310016B95B /* Debug */,
				27D5BED82DD1FD310016B95B /* Release */,
			);
			defaultConfigurationIsVisible = 0;
			defaultConfigurationName = Release;
		};
		27D5BED92DD1FD310016B95B /* Build configuration list for PBXNativeTarget "DrCDNTests" */ = {
			isa = XCConfigurationList;
			buildConfigurations = (
				27D5BEDA2DD1FD310016B95B /* Debug */,
				27D5BEDB2DD1FD310016B95B /* Release */,
			);
			defaultConfigurationIsVisible = 0;
			defaultConfigurationName = Release;
		};
		27D5BEDC2DD1FD310016B95B /* Build configuration list for PBXNativeTarget "DrCDNUITests" */ = {
			isa = XCConfigurationList;
			buildConfigurations = (
				27D5BEDD2DD1FD310016B95B /* Debug */,
				27D5BEDE2DD1FD310016B95B /* Release */,
			);
			defaultConfigurationIsVisible = 0;
			defaultConfigurationName = Release;
		};
/* End XCConfigurationList section */

/* Begin XCLocalSwiftPackageReference section */
		2727BCA52DD20CF2004D8699 /* XCLocalSwiftPackageReference "../AppUI" */ = {
			isa = XCLocalSwiftPackageReference;
			relativePath = ../AppUI;
		};
/* End XCLocalSwiftPackageReference section */

/* Begin XCSwiftPackageProductDependency section */
		2727BCA62DD20CF2004D8699 /* AppUI */ = {
			isa = XCSwiftPackageProductDependency;
			productName = AppUI;
		};
/* End XCSwiftPackageProductDependency section */
	};
	rootObject = 27D5BEAC2DD1FD2F0016B95B /* Project object */;
}
